
Microsoft Visual Studio Solution File, Format Version 12.00
# Visual Studio Version 17
VisualStudioVersion = 17.5.33502.453
MinimumVisualStudioVersion = 10.0.40219.1
Project("{FAE04EC0-301F-11D3-BF4B-00C04F79EFBC}") = "ArabaKayitFormu", "ArabaKayitFormu\ArabaKayitFormu.csproj", "{3A15F521-5566-4364-A5F1-08BC93D9C547}"
EndProject
Global
	GlobalSection(SolutionConfigurationPlatforms) = preSolution
		Debug|Any CPU = Debug|Any CPU
		Release|Any CPU = Release|Any CPU
	EndGlobalSection
	GlobalSection(ProjectConfigurationPlatforms) = postSolution
		{3A15F521-5566-4364-A5F1-08BC93D9C547}.Debug|Any CPU.ActiveCfg = Debug|Any CPU
		{3A15F521-5566-4364-A5F1-08BC93D9C547}.Debug|Any CPU.Build.0 = Debug|Any CPU
		{3A15F521-5566-4364-A5F1-08BC93D9C547}.Release|Any CPU.ActiveCfg = Release|Any CPU
		{3A15F521-5566-4364-A5F1-08BC93D9C547}.Release|Any CPU.Build.0 = Release|Any CPU
	EndGlobalSection
	GlobalSection(SolutionProperties) = preSolution
		HideSolutionNode = FALSE
	EndGlobalSection
	GlobalSection(ExtensibilityGlobals) = postSolution
		SolutionGuid = {86A288CF-EA60-4762-836E-5DF5ABE8537D}
	EndGlobalSection
EndGlobal
